// !$*UTF8*$!
{
	archiveVersion = 1;
	classes = {
	};
	objectVersion = 46;
	objects = {

/* Begin PBXBuildFile section */
		2A0537DE1BBED5BC005C1A36 /* tile.png in Resources */ = {isa = PBXBuildFile; fileRef = 2A0537DD1BBED5BC005C1A36 /* tile.png */; };
		2A0537E01BBED9D8005C1A36 /* Images.xcassets in Resources */ = {isa = PBXBuildFile; fileRef = 2A0537DF1BBED9D8005C1A36 /* Images.xcassets */; };
		2A2BD03C1BC6079400D6E80F /* ACTileMapView.swift in Sources */ = {isa = PBXBuildFile; fileRef = 2A31087E1BBEEB81006CBA48 /* ACTileMapView.swift */; };
		2A2BD03D1BC6089700D6E80F /* ACTileMap.swift in Sources */ = {isa = PBXBuildFile; fileRef = 2A3014591BBF0D5200B91E5F /* ACTileMap.swift */; };
		2A2BD03E1BC6089F00D6E80F /* ACTileRowView.swift in Sources */ = {isa = PBXBuildFile; fileRef = 2A3014601BC01C2400B91E5F /* ACTileRowView.swift */; };
		2A2BD03F1BC608A400D6E80F /* Matrix2D.swift in Sources */ = {isa = PBXBuildFile; fileRef = 2A3108811BBEEBA1006CBA48 /* Matrix2D.swift */; };
		2A2BD0401BC608A900D6E80F /* Matrix3D.swift in Sources */ = {isa = PBXBuildFile; fileRef = 2A30145C1BBF293400B91E5F /* Matrix3D.swift */; };
		2A2BD0411BC608FF00D6E80F /* Coordinate.swift in Sources */ = {isa = PBXBuildFile; fileRef = 2A3014671BC06ED600B91E5F /* Coordinate.swift */; };
		2A2BD0421BC6091500D6E80F /* SKSpriteNodeUtility.swift in Sources */ = {isa = PBXBuildFile; fileRef = 2A31087A1BBEDFA7006CBA48 /* SKSpriteNodeUtility.swift */; };
		2A30145A1BBF0D5200B91E5F /* ACTileMap.swift in Sources */ = {isa = PBXBuildFile; fileRef = 2A3014591BBF0D5200B91E5F /* ACTileMap.swift */; };
		2A30145D1BBF293400B91E5F /* Matrix3D.swift in Sources */ = {isa = PBXBuildFile; fileRef = 2A30145C1BBF293400B91E5F /* Matrix3D.swift */; };
		2A3014611BC01C2400B91E5F /* ACTileRowView.swift in Sources */ = {isa = PBXBuildFile; fileRef = 2A3014601BC01C2400B91E5F /* ACTileRowView.swift */; };
		2A3014641BC0481F00B91E5F /* square.png in Resources */ = {isa = PBXBuildFile; fileRef = 2A3014631BC0481F00B91E5F /* square.png */; };
		2A3014661BC04A3200B91E5F /* circle_small.png in Resources */ = {isa = PBXBuildFile; fileRef = 2A3014651BC04A3200B91E5F /* circle_small.png */; };
		2A3014681BC06ED600B91E5F /* Coordinate.swift in Sources */ = {isa = PBXBuildFile; fileRef = 2A3014671BC06ED600B91E5F /* Coordinate.swift */; };
		2A31087B1BBEDFA7006CBA48 /* SKSpriteNodeUtility.swift in Sources */ = {isa = PBXBuildFile; fileRef = 2A31087A1BBEDFA7006CBA48 /* SKSpriteNodeUtility.swift */; };
		2A31087D1BBEDFDD006CBA48 /* RandomUtility.swift in Sources */ = {isa = PBXBuildFile; fileRef = 2A31087C1BBEDFDD006CBA48 /* RandomUtility.swift */; };
		2A31087F1BBEEB81006CBA48 /* ACTileMapView.swift in Sources */ = {isa = PBXBuildFile; fileRef = 2A31087E1BBEEB81006CBA48 /* ACTileMapView.swift */; };
		2A3108821BBEEBA1006CBA48 /* Matrix2D.swift in Sources */ = {isa = PBXBuildFile; fileRef = 2A3108811BBEEBA1006CBA48 /* Matrix2D.swift */; };
		2A5E914A1BC6E90A003A2A63 /* tile_test.png in Resources */ = {isa = PBXBuildFile; fileRef = 2A5E91491BC6E90A003A2A63 /* tile_test.png */; };
		2A766CD01BC77303002C003D /* ACTicker.swift in Sources */ = {isa = PBXBuildFile; fileRef = 2A766CCF1BC77303002C003D /* ACTicker.swift */; };
		2A93C7BD1BBCB4DF00B8291E /* AppDelegate.swift in Sources */ = {isa = PBXBuildFile; fileRef = 2A93C7BC1BBCB4DF00B8291E /* AppDelegate.swift */; };
		2A93C7BF1BBCB4DF00B8291E /* EditorScene.swift in Sources */ = {isa = PBXBuildFile; fileRef = 2A93C7BE1BBCB4DF00B8291E /* EditorScene.swift */; };
		2A93C7D11BBCB4DF00B8291E /* AtlasTests.swift in Sources */ = {isa = PBXBuildFile; fileRef = 2A93C7D01BBCB4DF00B8291E /* AtlasTests.swift */; };
		2AABE78B1BBDE35B00CBF170 /* MainMenu.xib in Resources */ = {isa = PBXBuildFile; fileRef = 2AABE7891BBDE35B00CBF170 /* MainMenu.xib */; };
		2AABE7941BBDE9BF00CBF170 /* 16.png in Resources */ = {isa = PBXBuildFile; fileRef = 2AABE78D1BBDE9BF00CBF170 /* 16.png */; };
		2AABE7951BBDE9BF00CBF170 /* 32.png in Resources */ = {isa = PBXBuildFile; fileRef = 2AABE78E1BBDE9BF00CBF170 /* 32.png */; };
		2AABE7961BBDE9BF00CBF170 /* 64.png in Resources */ = {isa = PBXBuildFile; fileRef = 2AABE78F1BBDE9BF00CBF170 /* 64.png */; };
		2AABE7971BBDE9BF00CBF170 /* 128.png in Resources */ = {isa = PBXBuildFile; fileRef = 2AABE7901BBDE9BF00CBF170 /* 128.png */; };
		2AABE7981BBDE9BF00CBF170 /* 256.png in Resources */ = {isa = PBXBuildFile; fileRef = 2AABE7911BBDE9BF00CBF170 /* 256.png */; };
		2AABE7991BBDE9BF00CBF170 /* 512.png in Resources */ = {isa = PBXBuildFile; fileRef = 2AABE7921BBDE9BF00CBF170 /* 512.png */; };
		2AABE79A1BBDE9BF00CBF170 /* 1024.png in Resources */ = {isa = PBXBuildFile; fileRef = 2AABE7931BBDE9BF00CBF170 /* 1024.png */; };
/* End PBXBuildFile section */

/* Begin PBXContainerItemProxy section */
		2A93C7CD1BBCB4DF00B8291E /* PBXContainerItemProxy */ = {
			isa = PBXContainerItemProxy;
			containerPortal = 2A93C7B11BBCB4DF00B8291E /* Project object */;
			proxyType = 1;
			remoteGlobalIDString = 2A93C7B81BBCB4DF00B8291E;
			remoteInfo = Atlas;
		};
/* End PBXContainerItemProxy section */

/* Begin PBXFileReference section */
		2A0537DD1BBED5BC005C1A36 /* tile.png */ = {isa = PBXFileReference; lastKnownFileType = image.png; name = tile.png; path = Resources/Tiles/tile.png; sourceTree = "<group>"; };
		2A0537DF1BBED9D8005C1A36 /* Images.xcassets */ = {isa = PBXFileReference; lastKnownFileType = folder.assetcatalog; path = Images.xcassets; sourceTree = "<group>"; };
		2A3014591BBF0D5200B91E5F /* ACTileMap.swift */ = {isa = PBXFileReference; fileEncoding = 4; lastKnownFileType = sourcecode.swift; path = ACTileMap.swift; sourceTree = "<group>"; };
		2A30145C1BBF293400B91E5F /* Matrix3D.swift */ = {isa = PBXFileReference; fileEncoding = 4; lastKnownFileType = sourcecode.swift; path = Matrix3D.swift; sourceTree = "<group>"; };
		2A3014601BC01C2400B91E5F /* ACTileRowView.swift */ = {isa = PBXFileReference; fileEncoding = 4; lastKnownFileType = sourcecode.swift; path = ACTileRowView.swift; sourceTree = "<group>"; };
		2A3014631BC0481F00B91E5F /* square.png */ = {isa = PBXFileReference; lastKnownFileType = image.png; name = square.png; path = Resources/Common/square.png; sourceTree = "<group>"; };
		2A3014651BC04A3200B91E5F /* circle_small.png */ = {isa = PBXFileReference; lastKnownFileType = image.png; name = circle_small.png; path = Resources/Common/circle_small.png; sourceTree = "<group>"; };
		2A3014671BC06ED600B91E5F /* Coordinate.swift */ = {isa = PBXFileReference; fileEncoding = 4; lastKnownFileType = sourcecode.swift; path = Coordinate.swift; sourceTree = "<group>"; };
		2A31087A1BBEDFA7006CBA48 /* SKSpriteNodeUtility.swift */ = {isa = PBXFileReference; fileEncoding = 4; lastKnownFileType = sourcecode.swift; path = SKSpriteNodeUtility.swift; sourceTree = "<group>"; };
		2A31087C1BBEDFDD006CBA48 /* RandomUtility.swift */ = {isa = PBXFileReference; fileEncoding = 4; lastKnownFileType = sourcecode.swift; path = RandomUtility.swift; sourceTree = "<group>"; };
		2A31087E1BBEEB81006CBA48 /* ACTileMapView.swift */ = {isa = PBXFileReference; fileEncoding = 4; lastKnownFileType = sourcecode.swift; path = ACTileMapView.swift; sourceTree = "<group>"; };
		2A3108811BBEEBA1006CBA48 /* Matrix2D.swift */ = {isa = PBXFileReference; fileEncoding = 4; lastKnownFileType = sourcecode.swift; path = Matrix2D.swift; sourceTree = "<group>"; };
		2A5E91491BC6E90A003A2A63 /* tile_test.png */ = {isa = PBXFileReference; lastKnownFileType = image.png; name = tile_test.png; path = Resources/Tiles/tile_test.png; sourceTree = "<group>"; };
		2A766CCF1BC77303002C003D /* ACTicker.swift */ = {isa = PBXFileReference; fileEncoding = 4; lastKnownFileType = sourcecode.swift; path = ACTicker.swift; sourceTree = "<group>"; };
		2A93C7B91BBCB4DF00B8291E /* Atlas.app */ = {isa = PBXFileReference; explicitFileType = wrapper.application; includeInIndex = 0; path = Atlas.app; sourceTree = BUILT_PRODUCTS_DIR; };
		2A93C7BC1BBCB4DF00B8291E /* AppDelegate.swift */ = {isa = PBXFileReference; lastKnownFileType = sourcecode.swift; path = AppDelegate.swift; sourceTree = "<group>"; };
		2A93C7BE1BBCB4DF00B8291E /* EditorScene.swift */ = {isa = PBXFileReference; lastKnownFileType = sourcecode.swift; path = EditorScene.swift; sourceTree = "<group>"; };
		2A93C7C71BBCB4DF00B8291E /* Info.plist */ = {isa = PBXFileReference; lastKnownFileType = text.plist.xml; path = Info.plist; sourceTree = "<group>"; };
		2A93C7CC1BBCB4DF00B8291E /* AtlasTests.xctest */ = {isa = PBXFileReference; explicitFileType = wrapper.cfbundle; includeInIndex = 0; path = AtlasTests.xctest; sourceTree = BUILT_PRODUCTS_DIR; };
		2A93C7D01BBCB4DF00B8291E /* AtlasTests.swift */ = {isa = PBXFileReference; lastKnownFileType = sourcecode.swift; path = AtlasTests.swift; sourceTree = "<group>"; };
		2A93C7D21BBCB4DF00B8291E /* Info.plist */ = {isa = PBXFileReference; lastKnownFileType = text.plist.xml; path = Info.plist; sourceTree = "<group>"; };
		2AABE78A1BBDE35B00CBF170 /* Base */ = {isa = PBXFileReference; lastKnownFileType = file.xib; name = Base; path = Base.lproj/MainMenu.xib; sourceTree = "<group>"; };
		2AABE78D1BBDE9BF00CBF170 /* 16.png */ = {isa = PBXFileReference; lastKnownFileType = image.png; name = 16.png; path = Resources/Icons/16.png; sourceTree = "<group>"; };
		2AABE78E1BBDE9BF00CBF170 /* 32.png */ = {isa = PBXFileReference; lastKnownFileType = image.png; name = 32.png; path = Resources/Icons/32.png; sourceTree = "<group>"; };
		2AABE78F1BBDE9BF00CBF170 /* 64.png */ = {isa = PBXFileReference; lastKnownFileType = image.png; name = 64.png; path = Resources/Icons/64.png; sourceTree = "<group>"; };
		2AABE7901BBDE9BF00CBF170 /* 128.png */ = {isa = PBXFileReference; lastKnownFileType = image.png; name = 128.png; path = Resources/Icons/128.png; sourceTree = "<group>"; };
		2AABE7911BBDE9BF00CBF170 /* 256.png */ = {isa = PBXFileReference; lastKnownFileType = image.png; name = 256.png; path = Resources/Icons/256.png; sourceTree = "<group>"; };
		2AABE7921BBDE9BF00CBF170 /* 512.png */ = {isa = PBXFileReference; lastKnownFileType = image.png; name = 512.png; path = Resources/Icons/512.png; sourceTree = "<group>"; };
		2AABE7931BBDE9BF00CBF170 /* 1024.png */ = {isa = PBXFileReference; lastKnownFileType = image.png; name = 1024.png; path = Resources/Icons/1024.png; sourceTree = "<group>"; };
/* End PBXFileReference section */

/* Begin PBXFrameworksBuildPhase section */
		2A93C7B61BBCB4DF00B8291E /* Frameworks */ = {
			isa = PBXFrameworksBuildPhase;
			buildActionMask = 2147483647;
			files = (
			);
			runOnlyForDeploymentPostprocessing = 0;
		};
		2A93C7C91BBCB4DF00B8291E /* Frameworks */ = {
			isa = PBXFrameworksBuildPhase;
			buildActionMask = 2147483647;
			files = (
			);
			runOnlyForDeploymentPostprocessing = 0;
		};
/* End PBXFrameworksBuildPhase section */

/* Begin PBXGroup section */
		2A0537DC1BBED5B5005C1A36 /* Tiles */ = {
			isa = PBXGroup;
			children = (
				2A0537DD1BBED5BC005C1A36 /* tile.png */,
				2A5E91491BC6E90A003A2A63 /* tile_test.png */,
			);
			name = Tiles;
			sourceTree = "<group>";
		};
		2A3014581BBF0D3D00B91E5F /* Model */ = {
			isa = PBXGroup;
			children = (
				2A3014591BBF0D5200B91E5F /* ACTileMap.swift */,
			);
			name = Model;
			sourceTree = "<group>";
		};
		2A30145B1BBF23D000B91E5F /* View */ = {
			isa = PBXGroup;
			children = (
				2A31087E1BBEEB81006CBA48 /* ACTileMapView.swift */,
				2A3014601BC01C2400B91E5F /* ACTileRowView.swift */,
			);
			name = View;
			sourceTree = "<group>";
		};
		2A3014621BC0481100B91E5F /* Common */ = {
			isa = PBXGroup;
			children = (
				2A3014651BC04A3200B91E5F /* circle_small.png */,
				2A3014631BC0481F00B91E5F /* square.png */,
			);
			name = Common;
			sourceTree = "<group>";
		};
		2A3108801BBEEB95006CBA48 /* Data Structures */ = {
			isa = PBXGroup;
			children = (
				2A3108811BBEEBA1006CBA48 /* Matrix2D.swift */,
				2A30145C1BBF293400B91E5F /* Matrix3D.swift */,
				2A3014671BC06ED600B91E5F /* Coordinate.swift */,
			);
			name = "Data Structures";
			sourceTree = "<group>";
		};
		2A93C7B01BBCB4DF00B8291E = {
			isa = PBXGroup;
			children = (
				2A93C7BB1BBCB4DF00B8291E /* Atlas */,
				2A93C7CF1BBCB4DF00B8291E /* AtlasTests */,
				2A93C7BA1BBCB4DF00B8291E /* Products */,
			);
			sourceTree = "<group>";
		};
		2A93C7BA1BBCB4DF00B8291E /* Products */ = {
			isa = PBXGroup;
			children = (
				2A93C7B91BBCB4DF00B8291E /* Atlas.app */,
				2A93C7CC1BBCB4DF00B8291E /* AtlasTests.xctest */,
			);
			name = Products;
			sourceTree = "<group>";
		};
		2A93C7BB1BBCB4DF00B8291E /* Atlas */ = {
			isa = PBXGroup;
			children = (
				2A30145B1BBF23D000B91E5F /* View */,
				2A3014581BBF0D3D00B91E5F /* Model */,
				2A3108801BBEEB95006CBA48 /* Data Structures */,
				2AFD5E3F1BBEDE5E00C93E75 /* Utility */,
				2AABE7881BBDD81D00CBF170 /* Resources */,
				2A93C7BC1BBCB4DF00B8291E /* AppDelegate.swift */,
				2A93C7BE1BBCB4DF00B8291E /* EditorScene.swift */,
				2AABE7891BBDE35B00CBF170 /* MainMenu.xib */,
				2A93C7C71BBCB4DF00B8291E /* Info.plist */,
				2A0537DF1BBED9D8005C1A36 /* Images.xcassets */,
			);
			path = Atlas;
			sourceTree = "<group>";
		};
		2A93C7CF1BBCB4DF00B8291E /* AtlasTests */ = {
			isa = PBXGroup;
			children = (
				2A93C7D01BBCB4DF00B8291E /* AtlasTests.swift */,
				2A93C7D21BBCB4DF00B8291E /* Info.plist */,
			);
			path = AtlasTests;
			sourceTree = "<group>";
		};
		2AABE7881BBDD81D00CBF170 /* Resources */ = {
			isa = PBXGroup;
			children = (
				2A0537DC1BBED5B5005C1A36 /* Tiles */,
				2AABE78C1BBDE9B400CBF170 /* Icons */,
				2A3014621BC0481100B91E5F /* Common */,
			);
			name = Resources;
			sourceTree = "<group>";
		};
		2AABE78C1BBDE9B400CBF170 /* Icons */ = {
			isa = PBXGroup;
			children = (
				2AABE78D1BBDE9BF00CBF170 /* 16.png */,
				2AABE78E1BBDE9BF00CBF170 /* 32.png */,
				2AABE78F1BBDE9BF00CBF170 /* 64.png */,
				2AABE7901BBDE9BF00CBF170 /* 128.png */,
				2AABE7911BBDE9BF00CBF170 /* 256.png */,
				2AABE7921BBDE9BF00CBF170 /* 512.png */,
				2AABE7931BBDE9BF00CBF170 /* 1024.png */,
			);
			name = Icons;
			sourceTree = "<group>";
		};
		2AFD5E3F1BBEDE5E00C93E75 /* Utility */ = {
			isa = PBXGroup;
			children = (
				2A31087A1BBEDFA7006CBA48 /* SKSpriteNodeUtility.swift */,
				2A766CCF1BC77303002C003D /* ACTicker.swift */,
				2A31087C1BBEDFDD006CBA48 /* RandomUtility.swift */,
			);
			name = Utility;
			sourceTree = "<group>";
		};
/* End PBXGroup section */

/* Begin PBXNativeTarget section */
		2A93C7B81BBCB4DF00B8291E /* Atlas */ = {
			isa = PBXNativeTarget;
			buildConfigurationList = 2A93C7D51BBCB4DF00B8291E /* Build configuration list for PBXNativeTarget "Atlas" */;
			buildPhases = (
				2A93C7B51BBCB4DF00B8291E /* Sources */,
				2A93C7B61BBCB4DF00B8291E /* Frameworks */,
				2A93C7B71BBCB4DF00B8291E /* Resources */,
			);
			buildRules = (
			);
			dependencies = (
			);
			name = Atlas;
			productName = Atlas;
			productReference = 2A93C7B91BBCB4DF00B8291E /* Atlas.app */;
			productType = "com.apple.product-type.application";
		};
		2A93C7CB1BBCB4DF00B8291E /* AtlasTests */ = {
			isa = PBXNativeTarget;
			buildConfigurationList = 2A93C7D81BBCB4DF00B8291E /* Build configuration list for PBXNativeTarget "AtlasTests" */;
			buildPhases = (
				2A93C7C81BBCB4DF00B8291E /* Sources */,
				2A93C7C91BBCB4DF00B8291E /* Frameworks */,
				2A93C7CA1BBCB4DF00B8291E /* Resources */,
			);
			buildRules = (
			);
			dependencies = (
				2A93C7CE1BBCB4DF00B8291E /* PBXTargetDependency */,
			);
			name = AtlasTests;
			productName = AtlasTests;
			productReference = 2A93C7CC1BBCB4DF00B8291E /* AtlasTests.xctest */;
			productType = "com.apple.product-type.bundle.unit-test";
		};
/* End PBXNativeTarget section */

/* Begin PBXProject section */
		2A93C7B11BBCB4DF00B8291E /* Project object */ = {
			isa = PBXProject;
			attributes = {
				LastUpgradeCheck = 0710;
				ORGANIZATIONNAME = Runemark;
				TargetAttributes = {
					2A93C7B81BBCB4DF00B8291E = {
						CreatedOnToolsVersion = 7.1;
					};
					2A93C7CB1BBCB4DF00B8291E = {
						CreatedOnToolsVersion = 7.1;
						TestTargetID = 2A93C7B81BBCB4DF00B8291E;
					};
				};
			};
			buildConfigurationList = 2A93C7B41BBCB4DF00B8291E /* Build configuration list for PBXProject "Atlas" */;
			compatibilityVersion = "Xcode 3.2";
			developmentRegion = English;
			hasScannedForEncodings = 0;
			knownRegions = (
				en,
				Base,
			);
			mainGroup = 2A93C7B01BBCB4DF00B8291E;
			productRefGroup = 2A93C7BA1BBCB4DF00B8291E /* Products */;
			projectDirPath = "";
			projectRoot = "";
			targets = (
				2A93C7B81BBCB4DF00B8291E /* Atlas */,
				2A93C7CB1BBCB4DF00B8291E /* AtlasTests */,
			);
		};
/* End PBXProject section */

/* Begin PBXResourcesBuildPhase section */
		2A93C7B71BBCB4DF00B8291E /* Resources */ = {
			isa = PBXResourcesBuildPhase;
			buildActionMask = 2147483647;
			files = (
				2AABE79A1BBDE9BF00CBF170 /* 1024.png in Resources */,
				2A0537E01BBED9D8005C1A36 /* Images.xcassets in Resources */,
				2AABE7981BBDE9BF00CBF170 /* 256.png in Resources */,
				2A0537DE1BBED5BC005C1A36 /* tile.png in Resources */,
				2AABE7961BBDE9BF00CBF170 /* 64.png in Resources */,
				2A3014661BC04A3200B91E5F /* circle_small.png in Resources */,
				2AABE7991BBDE9BF00CBF170 /* 512.png in Resources */,
				2A5E914A1BC6E90A003A2A63 /* tile_test.png in Resources */,
				2AABE78B1BBDE35B00CBF170 /* MainMenu.xib in Resources */,
				2AABE7971BBDE9BF00CBF170 /* 128.png in Resources */,
				2AABE7951BBDE9BF00CBF170 /* 32.png in Resources */,
				2AABE7941BBDE9BF00CBF170 /* 16.png in Resources */,
				2A3014641BC0481F00B91E5F /* square.png in Resources */,
			);
			runOnlyForDeploymentPostprocessing = 0;
		};
		2A93C7CA1BBCB4DF00B8291E /* Resources */ = {
			isa = PBXResourcesBuildPhase;
			buildActionMask = 2147483647;
			files = (
			);
			runOnlyForDeploymentPostprocessing = 0;
		};
/* End PBXResourcesBuildPhase section */

/* Begin PBXSourcesBuildPhase section */
		2A93C7B51BBCB4DF00B8291E /* Sources */ = {
			isa = PBXSourcesBuildPhase;
			buildActionMask = 2147483647;
			files = (
				2A766CD01BC77303002C003D /* ACTicker.swift in Sources */,
				2A93C7BF1BBCB4DF00B8291E /* EditorScene.swift in Sources */,
				2A3108821BBEEBA1006CBA48 /* Matrix2D.swift in Sources */,
				2A31087B1BBEDFA7006CBA48 /* SKSpriteNodeUtility.swift in Sources */,
				2A3014611BC01C2400B91E5F /* ACTileRowView.swift in Sources */,
				2A31087F1BBEEB81006CBA48 /* ACTileMapView.swift in Sources */,
				2A93C7BD1BBCB4DF00B8291E /* AppDelegate.swift in Sources */,
				2A30145D1BBF293400B91E5F /* Matrix3D.swift in Sources */,
				2A31087D1BBEDFDD006CBA48 /* RandomUtility.swift in Sources */,
				2A3014681BC06ED600B91E5F /* Coordinate.swift in Sources */,
				2A30145A1BBF0D5200B91E5F /* ACTileMap.swift in Sources */,
			);
			runOnlyForDeploymentPostprocessing = 0;
		};
		2A93C7C81BBCB4DF00B8291E /* Sources */ = {
			isa = PBXSourcesBuildPhase;
			buildActionMask = 2147483647;
			files = (
				2A2BD0411BC608FF00D6E80F /* Coordinate.swift in Sources */,
				2A93C7D11BBCB4DF00B8291E /* AtlasTests.swift in Sources */,
				2A2BD03D1BC6089700D6E80F /* ACTileMap.swift in Sources */,
				2A2BD0421BC6091500D6E80F /* SKSpriteNodeUtility.swift in Sources */,
				2A2BD03F1BC608A400D6E80F /* Matrix2D.swift in Sources */,
				2A2BD03C1BC6079400D6E80F /* ACTileMapView.swift in Sources */,
				2A2BD03E1BC6089F00D6E80F /* ACTileRowView.swift in Sources */,
				2A2BD0401BC608A900D6E80F /* Matrix3D.swift in Sources */,
			);
			runOnlyForDeploymentPostprocessing = 0;
		};
/* End PBXSourcesBuildPhase section */

/* Begin PBXTargetDependency section */
		2A93C7CE1BBCB4DF00B8291E /* PBXTargetDependency */ = {
			isa = PBXTargetDependency;
			target = 2A93C7B81BBCB4DF00B8291E /* Atlas */;
			targetProxy = 2A93C7CD1BBCB4DF00B8291E /* PBXContainerItemProxy */;
		};
/* End PBXTargetDependency section */

/* Begin PBXVariantGroup section */
		2AABE7891BBDE35B00CBF170 /* MainMenu.xib */ = {
			isa = PBXVariantGroup;
			children = (
				2AABE78A1BBDE35B00CBF170 /* Base */,
			);
			name = MainMenu.xib;
			sourceTree = "<group>";
		};
/* End PBXVariantGroup section */

/* Begin XCBuildConfiguration section */
		2A93C7D31BBCB4DF00B8291E /* Debug */ = {
			isa = XCBuildConfiguration;
			buildSettings = {
				ALWAYS_SEARCH_USER_PATHS = NO;
				CLANG_CXX_LANGUAGE_STANDARD = "gnu++0x";
				CLANG_CXX_LIBRARY = "libc++";
				CLANG_ENABLE_MODULES = YES;
				CLANG_ENABLE_OBJC_ARC = YES;
				CLANG_WARN_BOOL_CONVERSION = YES;
				CLANG_WARN_CONSTANT_CONVERSION = YES;
				CLANG_WARN_DIRECT_OBJC_ISA_USAGE = YES_ERROR;
				CLANG_WARN_EMPTY_BODY = YES;
				CLANG_WARN_ENUM_CONVERSION = YES;
				CLANG_WARN_INT_CONVERSION = YES;
				CLANG_WARN_OBJC_ROOT_CLASS = YES_ERROR;
				CLANG_WARN_UNREACHABLE_CODE = YES;
				CLANG_WARN__DUPLICATE_METHOD_MATCH = YES;
				CODE_SIGN_IDENTITY = "-";
				COPY_PHASE_STRIP = NO;
				DEBUG_INFORMATION_FORMAT = "dwarf-with-dsym";
				ENABLE_STRICT_OBJC_MSGSEND = YES;
				ENABLE_TESTABILITY = YES;
				GCC_C_LANGUAGE_STANDARD = gnu99;
				GCC_DYNAMIC_NO_PIC = NO;
				GCC_NO_COMMON_BLOCKS = YES;
				GCC_OPTIMIZATION_LEVEL = 0;
				GCC_PREPROCESSOR_DEFINITIONS = (
					"DEBUG=1",
					"$(inherited)",
				);
				GCC_WARN_64_TO_32_BIT_CONVERSION = YES;
				GCC_WARN_ABOUT_RETURN_TYPE = YES_ERROR;
				GCC_WARN_UNDECLARED_SELECTOR = YES;
				GCC_WARN_UNINITIALIZED_AUTOS = YES_AGGRESSIVE;
				GCC_WARN_UNUSED_FUNCTION = YES;
				GCC_WARN_UNUSED_VARIABLE = YES;
				MACOSX_DEPLOYMENT_TARGET = 10.11;
				MTL_ENABLE_DEBUG_INFO = YES;
				ONLY_ACTIVE_ARCH = YES;
				SDKROOT = macosx;
				SWIFT_OPTIMIZATION_LEVEL = "-Onone";
			};
			name = Debug;
		};
		2A93C7D41BBCB4DF00B8291E /* Release */ = {
			isa = XCBuildConfiguration;
			buildSettings = {
				ALWAYS_SEARCH_USER_PATHS = NO;
				CLANG_CXX_LANGUAGE_STANDARD = "gnu++0x";
				CLANG_CXX_LIBRARY = "libc++";
				CLANG_ENABLE_MODULES = YES;
				CLANG_ENABLE_OBJC_ARC = YES;
				CLANG_WARN_BOOL_CONVERSION = YES;
				CLANG_WARN_CONSTANT_CONVERSION = YES;
				CLANG_WARN_DIRECT_OBJC_ISA_USAGE = YES_ERROR;
				CLANG_WARN_EMPTY_BODY = YES;
				CLANG_WARN_ENUM_CONVERSION = YES;
				CLANG_WARN_INT_CONVERSION = YES;
				CLANG_WARN_OBJC_ROOT_CLASS = YES_ERROR;
				CLANG_WARN_UNREACHABLE_CODE = YES;
				CLANG_WARN__DUPLICATE_METHOD_MATCH = YES;
				CODE_SIGN_IDENTITY = "-";
				COPY_PHASE_STRIP = NO;
				DEBUG_INFORMATION_FORMAT = "dwarf-with-dsym";
				ENABLE_NS_ASSERTIONS = NO;
				ENABLE_STRICT_OBJC_MSGSEND = YES;
				GCC_C_LANGUAGE_STANDARD = gnu99;
				GCC_NO_COMMON_BLOCKS = YES;
				GCC_WARN_64_TO_32_BIT_CONVERSION = YES;
				GCC_WARN_ABOUT_RETURN_TYPE = YES_ERROR;
				GCC_WARN_UNDECLARED_SELECTOR = YES;
				GCC_WARN_UNINITIALIZED_AUTOS = YES_AGGRESSIVE;
				GCC_WARN_UNUSED_FUNCTION = YES;
				GCC_WARN_UNUSED_VARIABLE = YES;
				MACOSX_DEPLOYMENT_TARGET = 10.11;
				MTL_ENABLE_DEBUG_INFO = NO;
				SDKROOT = macosx;
			};
			name = Release;
		};
		2A93C7D61BBCB4DF00B8291E /* Debug */ = {
			isa = XCBuildConfiguration;
			buildSettings = {
				ASSETCATALOG_COMPILER_APPICON_NAME = AppIcon;
				COMBINE_HIDPI_IMAGES = YES;
				INFOPLIST_FILE = Atlas/Info.plist;
				LD_RUNPATH_SEARCH_PATHS = "$(inherited) @executable_path/../Frameworks";
				PRODUCT_BUNDLE_IDENTIFIER = runemark.Atlas;
				PRODUCT_NAME = "$(TARGET_NAME)";
			};
			name = Debug;
		};
		2A93C7D71BBCB4DF00B8291E /* Release */ = {
			isa = XCBuildConfiguration;
			buildSettings = {
				ASSETCATALOG_COMPILER_APPICON_NAME = AppIcon;
				COMBINE_HIDPI_IMAGES = YES;
				INFOPLIST_FILE = Atlas/Info.plist;
				LD_RUNPATH_SEARCH_PATHS = "$(inherited) @executable_path/../Frameworks";
				PRODUCT_BUNDLE_IDENTIFIER = runemark.Atlas;
				PRODUCT_NAME = "$(TARGET_NAME)";
			};
			name = Release;
		};
		2A93C7D91BBCB4DF00B8291E /* Debug */ = {
			isa = XCBuildConfiguration;
			buildSettings = {
				BUNDLE_LOADER = "$(TEST_HOST)";
				COMBINE_HIDPI_IMAGES = YES;
				DEBUG_INFORMATION_FORMAT = dwarf;
				INFOPLIST_FILE = AtlasTests/Info.plist;
				LD_RUNPATH_SEARCH_PATHS = "$(inherited) @executable_path/../Frameworks @loader_path/../Frameworks";
				PRODUCT_BUNDLE_IDENTIFIER = runemark.AtlasTests;
				PRODUCT_NAME = "$(TARGET_NAME)";
				TEST_HOST = "$(BUILT_PRODUCTS_DIR)/Atlas.app/Contents/MacOS/Atlas";
			};
			name = Debug;
		};
		2A93C7DA1BBCB4DF00B8291E /* Release */ = {
			isa = XCBuildConfiguration;
			buildSettings = {
				BUNDLE_LOADER = "$(TEST_HOST)";
				COMBINE_HIDPI_IMAGES = YES;
				INFOPLIST_FILE = AtlasTests/Info.plist;
				LD_RUNPATH_SEARCH_PATHS = "$(inherited) @executable_path/../Frameworks @loader_path/../Frameworks";
				PRODUCT_BUNDLE_IDENTIFIER = runemark.AtlasTests;
				PRODUCT_NAME = "$(TARGET_NAME)";
				TEST_HOST = "$(BUILT_PRODUCTS_DIR)/Atlas.app/Contents/MacOS/Atlas";
			};
			name = Release;
		};
/* End XCBuildConfiguration section */

/* Begin XCConfigurationList section */
		2A93C7B41BBCB4DF00B8291E /* Build configuration list for PBXProject "Atlas" */ = {
			isa = XCConfigurationList;
			buildConfigurations = (
				2A93C7D31BBCB4DF00B8291E /* Debug */,
				2A93C7D41BBCB4DF00B8291E /* Release */,
			);
			defaultConfigurationIsVisible = 0;
			defaultConfigurationName = Release;
		};
		2A93C7D51BBCB4DF00B8291E /* Build configuration list for PBXNativeTarget "Atlas" */ = {
			isa = XCConfigurationList;
			buildConfigurations = (
				2A93C7D61BBCB4DF00B8291E /* Debug */,
				2A93C7D71BBCB4DF00B8291E /* Release */,
			);
			defaultConfigurationIsVisible = 0;
			defaultConfigurationName = Release;
		};
		2A93C7D81BBCB4DF00B8291E /* Build configuration list for PBXNativeTarget "AtlasTests" */ = {
			isa = XCConfigurationList;
			buildConfigurations = (
				2A93C7D91BBCB4DF00B8291E /* Debug */,
				2A93C7DA1BBCB4DF00B8291E /* Release */,
			);
			defaultConfigurationIsVisible = 0;
			defaultConfigurationName = Release;
		};
/* End XCConfigurationList section */
	};
	rootObject = 2A93C7B11BBCB4DF00B8291E /* Project object */;
}
